// !$*UTF8*$!
{
	archiveVersion = 1;
	classes = {
	};
	objectVersion = 46;
	objects = {

/* Begin PBXBuildFile section */
		596ABF921EADB16400EB6B02 /* AppDelegate.swift in Sources */ = {isa = PBXBuildFile; fileRef = 596ABF911EADB16400EB6B02 /* AppDelegate.swift */; };
		596ABF941EADB16400EB6B02 /* ViewController.swift in Sources */ = {isa = PBXBuildFile; fileRef = 596ABF931EADB16400EB6B02 /* ViewController.swift */; };
		596ABF971EADB16400EB6B02 /* Main.storyboard in Resources */ = {isa = PBXBuildFile; fileRef = 596ABF951EADB16400EB6B02 /* Main.storyboard */; };
		596ABF991EADB16400EB6B02 /* Assets.xcassets in Resources */ = {isa = PBXBuildFile; fileRef = 596ABF981EADB16400EB6B02 /* Assets.xcassets */; };
		596ABF9C1EADB16400EB6B02 /* LaunchScreen.storyboard in Resources */ = {isa = PBXBuildFile; fileRef = 596ABF9A1EADB16400EB6B02 /* LaunchScreen.storyboard */; };
/* End PBXBuildFile section */

/* Begin PBXFileReference section */
		596ABF8E1EADB16400EB6B02 /* KatsuzetsuTest.app */ = {isa = PBXFileReference; explicitFileType = wrapper.application; includeInIndex = 0; path = KatsuzetsuTest.app; sourceTree = BUILT_PRODUCTS_DIR; };
		596ABF911EADB16400EB6B02 /* AppDelegate.swift */ = {isa = PBXFileReference; lastKnownFileType = sourcecode.swift; path = AppDelegate.swift; sourceTree = "<group>"; };
		596ABF931EADB16400EB6B02 /* ViewController.swift */ = {isa = PBXFileReference; lastKnownFileType = sourcecode.swift; path = ViewController.swift; sourceTree = "<group>"; };
		596ABF961EADB16400EB6B02 /* Base */ = {isa = PBXFileReference; lastKnownFileType = file.storyboard; name = Base; path = Base.lproj/Main.storyboard; sourceTree = "<group>"; };
		596ABF981EADB16400EB6B02 /* Assets.xcassets */ = {isa = PBXFileReference; lastKnownFileType = folder.assetcatalog; path = Assets.xcassets; sourceTree = "<group>"; };
		596ABF9B1EADB16400EB6B02 /* Base */ = {isa = PBXFileReference; lastKnownFileType = file.storyboard; name = Base; path = Base.lproj/LaunchScreen.storyboard; sourceTree = "<group>"; };
		596ABF9D1EADB16400EB6B02 /* Info.plist */ = {isa = PBXFileReference; lastKnownFileType = text.plist.xml; path = Info.plist; sourceTree = "<group>"; };
/* End PBXFileReference section */

/* Begin PBXFrameworksBuildPhase section */
		596ABF8B1EADB16400EB6B02 /* Frameworks */ = {
			isa = PBXFrameworksBuildPhase;
			buildActionMask = 2147483647;
			files = (
			);
			runOnlyForDeploymentPostprocessing = 0;
		};
/* End PBXFrameworksBuildPhase section */

/* Begin PBXGroup section */
		596ABF851EADB16400EB6B02 = {
			isa = PBXGroup;
			children = (
				596ABF901EADB16400EB6B02 /* KatsuzetsuTest */,
				596ABF8F1EADB16400EB6B02 /* Products */,
			);
			sourceTree = "<group>";
		};
		596ABF8F1EADB16400EB6B02 /* Products */ = {
			isa = PBXGroup;
			children = (
				596ABF8E1EADB16400EB6B02 /* KatsuzetsuTest.app */,
			);
			name = Products;
			sourceTree = "<group>";
		};
		596ABF901EADB16400EB6B02 /* KatsuzetsuTest */ = {
			isa = PBXGroup;
			children = (
				596ABF911EADB16400EB6B02 /* AppDelegate.swift */,
				596ABF931EADB16400EB6B02 /* ViewController.swift */,
				596ABF951EADB16400EB6B02 /* Main.storyboard */,
				596ABF981EADB16400EB6B02 /* Assets.xcassets */,
				596ABF9A1EADB16400EB6B02 /* LaunchScreen.storyboard */,
				596ABF9D1EADB16400EB6B02 /* Info.plist */,
			);
			path = KatsuzetsuTest;
			sourceTree = "<group>";
		};
/* End PBXGroup section */

/* Begin PBXNativeTarget section */
		596ABF8D1EADB16400EB6B02 /* KatsuzetsuTest */ = {
			isa = PBXNativeTarget;
			buildConfigurationList = 596ABFA01EADB16400EB6B02 /* Build configuration list for PBXNativeTarget "KatsuzetsuTest" */;
			buildPhases = (
				596ABF8A1EADB16400EB6B02 /* Sources */,
				596ABF8B1EADB16400EB6B02 /* Frameworks */,
				596ABF8C1EADB16400EB6B02 /* Resources */,
			);
			buildRules = (
			);
			dependencies = (
			);
			name = KatsuzetsuTest;
			productName = KatsuzetsuTest;
			productReference = 596ABF8E1EADB16400EB6B02 /* KatsuzetsuTest.app */;
			productType = "com.apple.product-type.application";
		};
/* End PBXNativeTarget section */

/* Begin PBXProject section */
		596ABF861EADB16400EB6B02 /* Project object */ = {
			isa = PBXProject;
			attributes = {
				LastSwiftUpdateCheck = 0830;
				LastUpgradeCheck = 0830;
				ORGANIZATIONNAME = None;
				TargetAttributes = {
					596ABF8D1EADB16400EB6B02 = {
						CreatedOnToolsVersion = 8.3.2;
						DevelopmentTeam = 72UU55A8N3;
						ProvisioningStyle = Automatic;
					};
				};
			};
			buildConfigurationList = 596ABF891EADB16400EB6B02 /* Build configuration list for PBXProject "KatsuzetsuTest" */;
			compatibilityVersion = "Xcode 3.2";
			developmentRegion = English;
			hasScannedForEncodings = 0;
			knownRegions = (
				en,
				Base,
			);
			mainGroup = 596ABF851EADB16400EB6B02;
			productRefGroup = 596ABF8F1EADB16400EB6B02 /* Products */;
			projectDirPath = "";
			projectRoot = "";
			targets = (
				596ABF8D1EADB16400EB6B02 /* KatsuzetsuTest */,
			);
		};
/* End PBXProject section */

/* Begin PBXResourcesBuildPhase section */
		596ABF8C1EADB16400EB6B02 /* Resources */ = {
			isa = PBXResourcesBuildPhase;
			buildActionMask = 2147483647;
			files = (
				596ABF9C1EADB16400EB6B02 /* LaunchScreen.storyboard in Resources */,
				596ABF991EADB16400EB6B02 /* Assets.xcassets in Resources */,
				596ABF971EADB16400EB6B02 /* Main.storyboard in Resources */,
			);
			runOnlyForDeploymentPostprocessing = 0;
		};
/* End PBXResourcesBuildPhase section */

/* Begin PBXSourcesBuildPhase section */
		596ABF8A1EADB16400EB6B02 /* Sources */ = {
			isa = PBXSourcesBuildPhase;
			buildActionMask = 2147483647;
			files = (
				596ABF941EADB16400EB6B02 /* ViewController.swift in Sources */,
				596ABF921EADB16400EB6B02 /* AppDelegate.swift in Sources */,
			);
			runOnlyForDeploymentPostprocessing = 0;
		};
/* End PBXSourcesBuildPhase section */

/* Begin PBXVariantGroup section */
		596ABF951EADB16400EB6B02 /* Main.storyboard */ = {
			isa = PBXVariantGroup;
			children = (
				596ABF961EADB16400EB6B02 /* Base */,
			);
			name = Main.storyboard;
			sourceTree = "<group>";
		};
		596ABF9A1EADB16400EB6B02 /* LaunchScreen.storyboard */ = {
			isa = PBXVariantGroup;
			children = (
				596ABF9B1EADB16400EB6B02 /* Base */,
			);
			name = LaunchScreen.storyboard;
			sourceTree = "<group>";
		};
/* End PBXVariantGroup section */

/* Begin XCBuildConfiguration section */
		596ABF9E1EADB16400EB6B02 /* Debug */ = {
			isa = XCBuildConfiguration;
			buildSettings = {
				ALWAYS_SEARCH_USER_PATHS = NO;
				CLANG_ANALYZER_NONNULL = YES;
				CLANG_ANALYZER_NUMBER_OBJECT_CONVERSION = YES_AGGRESSIVE;
				CLANG_CXX_LANGUAGE_STANDARD = "gnu++0x";
				CLANG_CXX_LIBRARY = "libc++";
				CLANG_ENABLE_MODULES = YES;
				CLANG_ENABLE_OBJC_ARC = YES;
				CLANG_WARN_BOOL_CONVERSION = YES;
				CLANG_WARN_CONSTANT_CONVERSION = YES;
				CLANG_WARN_DIRECT_OBJC_ISA_USAGE = YES_ERROR;
				CLANG_WARN_DOCUMENTATION_COMMENTS = YES;
				CLANG_WARN_EMPTY_BODY = YES;
				CLANG_WARN_ENUM_CONVERSION = YES;
				CLANG_WARN_INFINITE_RECURSION = YES;
				CLANG_WARN_INT_CONVERSION = YES;
				CLANG_WARN_OBJC_ROOT_CLASS = YES_ERROR;
				CLANG_WARN_SUSPICIOUS_MOVE = YES;
				CLANG_WARN_UNREACHABLE_CODE = YES;
				CLANG_WARN__DUPLICATE_METHOD_MATCH = YES;
				"CODE_SIGN_IDENTITY[sdk=iphoneos*]" = "iPhone Developer";
				COPY_PHASE_STRIP = NO;
				DEBUG_INFORMATION_FORMAT = dwarf;
				ENABLE_STRICT_OBJC_MSGSEND = YES;
				ENABLE_TESTABILITY = YES;
				GCC_C_LANGUAGE_STANDARD = gnu99;
				GCC_DYNAMIC_NO_PIC = NO;
				GCC_NO_COMMON_BLOCKS = YES;
				GCC_OPTIMIZATION_LEVEL = 0;
				GCC_PREPROCESSOR_DEFINITIONS = (
					"DEBUG=1",
					"$(inherited)",
				);
				GCC_WARN_64_TO_32_BIT_CONVERSION = YES;
				GCC_WARN_ABOUT_RETURN_TYPE = YES_ERROR;
				GCC_WARN_UNDECLARED_SELECTOR = YES;
				GCC_WARN_UNINITIALIZED_AUTOS = YES_AGGRESSIVE;
				GCC_WARN_UNUSED_FUNCTION = YES;
				GCC_WARN_UNUSED_VARIABLE = YES;
				IPHONEOS_DEPLOYMENT_TARGET = 10.3;
				MTL_ENABLE_DEBUG_INFO = YES;
				ONLY_ACTIVE_ARCH = YES;
				SDKROOT = iphoneos;
				SWIFT_ACTIVE_COMPILATION_CONDITIONS = DEBUG;
				SWIFT_OPTIMIZATION_LEVEL = "-Onone";
			};
			name = Debug;
		};
		596ABF9F1EADB16400EB6B02 /* Release */ = {
			isa = XCBuildConfiguration;
			buildSettings = {
				ALWAYS_SEARCH_USER_PATHS = NO;
				CLANG_ANALYZER_NONNULL = YES;
				CLANG_ANALYZER_NUMBER_OBJECT_CONVERSION = YES_AGGRESSIVE;
				CLANG_CXX_LANGUAGE_STANDARD = "gnu++0x";
				CLANG_CXX_LIBRARY = "libc++";
				CLANG_ENABLE_MODULES = YES;
				CLANG_ENABLE_OBJC_ARC = YES;
				CLANG_WARN_BOOL_CONVERSION = YES;
				CLANG_WARN_CONSTANT_CONVERSION = YES;
				CLANG_WARN_DIRECT_OBJC_ISA_USAGE = YES_ERROR;
				CLANG_WARN_DOCUMENTATION_COMMENTS = YES;
				CLANG_WARN_EMPTY_BODY = YES;
				CLANG_WARN_ENUM_CONVERSION = YES;
				CLANG_WARN_INFINITE_RECURSION = YES;
				CLANG_WARN_INT_CONVERSION = YES;
				CLANG_WARN_OBJC_ROOT_CLASS = YES_ERROR;
				CLANG_WARN_SUSPICIOUS_MOVE = YES;
				CLANG_WARN_UNREACHABLE_CODE = YES;
				CLANG_WARN__DUPLICATE_METHOD_MATCH = YES;
				"CODE_SIGN_IDENTITY[sdk=iphoneos*]" = "iPhone Developer";
				COPY_PHASE_STRIP = NO;
				DEBUG_INFORMATION_FORMAT = "dwarf-with-dsym";
				ENABLE_NS_ASSERTIONS = NO;
				ENABLE_STRICT_OBJC_MSGSEND = YES;
				GCC_C_LANGUAGE_STANDARD = gnu99;
				GCC_NO_COMMON_BLOCKS = YES;
				GCC_WARN_64_TO_32_BIT_CONVERSION = YES;
				GCC_WARN_ABOUT_RETURN_TYPE = YES_ERROR;
				GCC_WARN_UNDECLARED_SELECTOR = YES;
				GCC_WARN_UNINITIALIZED_AUTOS = YES_AGGRESSIVE;
				GCC_WARN_UNUSED_FUNCTION = YES;
				GCC_WARN_UNUSED_VARIABLE = YES;
				IPHONEOS_DEPLOYMENT_TARGET = 10.3;
				MTL_ENABLE_DEBUG_INFO = NO;
				SDKROOT = iphoneos;
				SWIFT_OPTIMIZATION_LEVEL = "-Owholemodule";
				VALIDATE_PRODUCT = YES;
			};
			name = Release;
		};
		596ABFA11EADB16400EB6B02 /* Debug */ = {
			isa = XCBuildConfiguration;
			buildSettings = {
				ASSETCATALOG_COMPILER_APPICON_NAME = AppIcon;
				DEVELOPMENT_TEAM = 72UU55A8N3;
				INFOPLIST_FILE = KatsuzetsuTest/Info.plist;
				IPHONEOS_DEPLOYMENT_TARGET = 10.2;
				LD_RUNPATH_SEARCH_PATHS = "$(inherited) @executable_path/Frameworks";
				PRODUCT_BUNDLE_IDENTIFIER = "Erika-Maemoto.KatsuzetsuTest";
				PRODUCT_NAME = "$(TARGET_NAME)";
				SWIFT_VERSION = 3.0;
			};
			name = Debug;
		};
		596ABFA21EADB16400EB6B02 /* Release */ = {
			isa = XCBuildConfiguration;
			buildSettings = {
				ASSETCATALOG_COMPILER_APPICON_NAME = AppIcon;
				DEVELOPMENT_TEAM = 72UU55A8N3;
				INFOPLIST_FILE = KatsuzetsuTest/Info.plist;
				IPHONEOS_DEPLOYMENT_TARGET = 10.2;
				LD_RUNPATH_SEARCH_PATHS = "$(inherited) @executable_path/Frameworks";
				PRODUCT_BUNDLE_IDENTIFIER = "Erika-Maemoto.KatsuzetsuTest";
				PRODUCT_NAME = "$(TARGET_NAME)";
				SWIFT_VERSION = 3.0;
			};
			name = Release;
		};
/* End XCBuildConfiguration section */

/* Begin XCConfigurationList section */
		596ABF891EADB16400EB6B02 /* Build configuration list for PBXProject "KatsuzetsuTest" */ = {
			isa = XCConfigurationList;
			buildConfigurations = (
				596ABF9E1EADB16400EB6B02 /* Debug */,
				596ABF9F1EADB16400EB6B02 /* Release */,
			);
			defaultConfigurationIsVisible = 0;
			defaultConfigurationName = Release;
		};
		596ABFA01EADB16400EB6B02 /* Build configuration list for PBXNativeTarget "KatsuzetsuTest" */ = {
			isa = XCConfigurationList;
			buildConfigurations = (
				596ABFA11EADB16400EB6B02 /* Debug */,
				596ABFA21EADB16400EB6B02 /* Release */,
			);
			defaultConfigurationIsVisible = 0;
			defaultConfigurationName = Release;
		};
/* End XCConfigurationList section */
	};
	rootObject = 596ABF861EADB16400EB6B02 /* Project object */;
}
